<?xml version="1.0" encoding="utf-8"?>
<Project ToolsVersion="4.0" xmlns="http://schemas.microsoft.com/developer/msbuild/2003">
  <ItemGroup>
    <Filter Include="shared_ptr">
      <UniqueIdentifier>{131aa6a3-9050-4c05-895a-8f55598b91b8}</UniqueIdentifier>
    </Filter>
    <Filter Include="template">
      <UniqueIdentifier>{61a65519-b40c-4b06-a7c4-03733c947eb3}</UniqueIdentifier>
    </Filter>
  </ItemGroup>
  <ItemGroup>
    <ClCompile Include="..\enable_shared_from_this_ex.cpp">
      <Filter>shared_ptr</Filter>
    </ClCompile>
    <ClCompile Include="..\shared_ptr_error_1.cpp">
      <Filter>shared_ptr</Filter>
    </ClCompile>
    <ClCompile Include="..\shared_ptr_error_2.cpp">
      <Filter>shared_ptr</Filter>
    </ClCompile>
    <ClCompile Include="make_is_void.cpp">
      <Filter>template</Filter>
    </ClCompile>
    <ClCompile Include="main.cpp" />
    <ClCompile Include="make_is_array.cpp">
      <Filter>template</Filter>
    </ClCompile>
    <ClCompile Include="simple_concepts.cpp">
      <Filter>shared_ptr</Filter>
    </ClCompile>
  </ItemGroup>
</Project>